
Microsoft Visual Studio Solution File, Format Version 12.00
# Visual Studio Version 17
VisualStudioVersion = 17.5.002.0
MinimumVisualStudioVersion = 10.0.40219.1
Project("{9A19103F-16F7-4668-BE54-9A1E7A4F7556}") = "Bot", "src\Bot.csproj", "{0E27E304-EB4C-4CF7-A3B5-851FE3AFE30C}"
EndProject
Project("{9A19103F-16F7-4668-BE54-9A1E7A4F7556}") = "Bot.Tests", "tests\Bot.Tests.csproj", "{2718D2F9-3210-4613-A950-2E5C83D07463}"
EndProject
Global
	GlobalSection(SolutionConfigurationPlatforms) = preSolution
		Debug|Any CPU = Debug|Any CPU
		Release|Any CPU = Release|Any CPU
	EndGlobalSection
	GlobalSection(ProjectConfigurationPlatforms) = postSolution
		{0E27E304-EB4C-4CF7-A3B5-851FE3AFE30C}.Debug|Any CPU.ActiveCfg = Debug|Any CPU
		{0E27E304-EB4C-4CF7-A3B5-851FE3AFE30C}.Debug|Any CPU.Build.0 = Debug|Any CPU
		{0E27E304-EB4C-4CF7-A3B5-851FE3AFE30C}.Release|Any CPU.ActiveCfg = Release|Any CPU
		{0E27E304-EB4C-4CF7-A3B5-851FE3AFE30C}.Release|Any CPU.Build.0 = Release|Any CPU
		{2718D2F9-3210-4613-A950-2E5C83D07463}.Debug|Any CPU.ActiveCfg = Debug|Any CPU
		{2718D2F9-3210-4613-A950-2E5C83D07463}.Debug|Any CPU.Build.0 = Debug|Any CPU
		{2718D2F9-3210-4613-A950-2E5C83D07463}.Release|Any CPU.ActiveCfg = Release|Any CPU
		{2718D2F9-3210-4613-A950-2E5C83D07463}.Release|Any CPU.Build.0 = Release|Any CPU
	EndGlobalSection
	GlobalSection(SolutionProperties) = preSolution
		HideSolutionNode = FALSE
	EndGlobalSection
	GlobalSection(ExtensibilityGlobals) = postSolution
		SolutionGuid = {A1B53AAE-D400-4C48-8283-47B847F81180}
	EndGlobalSection
EndGlobal
