
Microsoft Visual Studio Solution File, Format Version 12.00
# Visual Studio Version 17
VisualStudioVersion = 17.11.35327.3
MinimumVisualStudioVersion = 10.0.40219.1
Project("{9A19103F-16F7-4668-BE54-9A1E7A4F7556}") = "RuItUnion.FeedbackBot", "RuItUnion.FeedbackBot\RuItUnion.FeedbackBot.csproj", "{61A74FBB-2D86-4C26-BABC-206485EFD96D}"
EndProject
Project("{2150E333-8FDC-42A3-9474-1A3956D46DE8}") = "Элементы решения", "Элементы решения", "{1F03749A-F8D3-480C-B536-313C8AF6E4FD}"
	ProjectSection(SolutionItems) = preProject
		.editorconfig = .editorconfig
		Directory.Build.props = Directory.Build.props
		Directory.Build.targets = Directory.Build.targets
		Directory.Packages.props = Directory.Packages.props
		README.md = README.md
	EndProjectSection
EndProject
Project("{E53339B2-1760-4266-BCC7-CA923CBCF16C}") = "docker-compose", "docker-compose.dcproj", "{667DEB7B-2BF2-4064-BDB2-30ED515A1A59}"
EndProject
Project("{9A19103F-16F7-4668-BE54-9A1E7A4F7556}") = "RuItUnion.FeedbackBot.Data", "RuItUnion.FeedbackBot.Data\RuItUnion.FeedbackBot.Data.csproj", "{CE0286CE-8E72-4EB5-9CA2-62D07F10DAF7}"
EndProject
Project("{FAE04EC0-301F-11D3-BF4B-00C04F79EFBC}") = "RuItUnion.FeedbackBot.Data.Old", "RuItUnion.FeedbackBot.Data.Old\RuItUnion.FeedbackBot.Data.Old.csproj", "{E344BC5E-F762-48A0-A32E-0D7B017E72A3}"
EndProject
Project("{FAE04EC0-301F-11D3-BF4B-00C04F79EFBC}") = "RuItUnion.FeedbackBot.Tests", "RuItUnion.FeedbackBot.Tests\RuItUnion.FeedbackBot.Tests.csproj", "{44C4B123-57DB-4B57-939E-659EA9D144EC}"
EndProject
Global
	GlobalSection(SolutionConfigurationPlatforms) = preSolution
		Debug|Any CPU = Debug|Any CPU
		Release|Any CPU = Release|Any CPU
	EndGlobalSection
	GlobalSection(ProjectConfigurationPlatforms) = postSolution
		{61A74FBB-2D86-4C26-BABC-206485EFD96D}.Debug|Any CPU.ActiveCfg = Debug|Any CPU
		{61A74FBB-2D86-4C26-BABC-206485EFD96D}.Debug|Any CPU.Build.0 = Debug|Any CPU
		{61A74FBB-2D86-4C26-BABC-206485EFD96D}.Release|Any CPU.ActiveCfg = Release|Any CPU
		{61A74FBB-2D86-4C26-BABC-206485EFD96D}.Release|Any CPU.Build.0 = Release|Any CPU
		{667DEB7B-2BF2-4064-BDB2-30ED515A1A59}.Debug|Any CPU.ActiveCfg = Debug|Any CPU
		{667DEB7B-2BF2-4064-BDB2-30ED515A1A59}.Debug|Any CPU.Build.0 = Debug|Any CPU
		{667DEB7B-2BF2-4064-BDB2-30ED515A1A59}.Release|Any CPU.ActiveCfg = Release|Any CPU
		{667DEB7B-2BF2-4064-BDB2-30ED515A1A59}.Release|Any CPU.Build.0 = Release|Any CPU
		{CE0286CE-8E72-4EB5-9CA2-62D07F10DAF7}.Debug|Any CPU.ActiveCfg = Debug|Any CPU
		{CE0286CE-8E72-4EB5-9CA2-62D07F10DAF7}.Debug|Any CPU.Build.0 = Debug|Any CPU
		{CE0286CE-8E72-4EB5-9CA2-62D07F10DAF7}.Release|Any CPU.ActiveCfg = Release|Any CPU
		{CE0286CE-8E72-4EB5-9CA2-62D07F10DAF7}.Release|Any CPU.Build.0 = Release|Any CPU
		{E344BC5E-F762-48A0-A32E-0D7B017E72A3}.Debug|Any CPU.ActiveCfg = Debug|Any CPU
		{E344BC5E-F762-48A0-A32E-0D7B017E72A3}.Debug|Any CPU.Build.0 = Debug|Any CPU
		{E344BC5E-F762-48A0-A32E-0D7B017E72A3}.Release|Any CPU.ActiveCfg = Release|Any CPU
		{E344BC5E-F762-48A0-A32E-0D7B017E72A3}.Release|Any CPU.Build.0 = Release|Any CPU
		{44C4B123-57DB-4B57-939E-659EA9D144EC}.Debug|Any CPU.ActiveCfg = Debug|Any CPU
		{44C4B123-57DB-4B57-939E-659EA9D144EC}.Debug|Any CPU.Build.0 = Debug|Any CPU
		{44C4B123-57DB-4B57-939E-659EA9D144EC}.Release|Any CPU.ActiveCfg = Release|Any CPU
		{44C4B123-57DB-4B57-939E-659EA9D144EC}.Release|Any CPU.Build.0 = Release|Any CPU
	EndGlobalSection
	GlobalSection(SolutionProperties) = preSolution
		HideSolutionNode = FALSE
	EndGlobalSection
	GlobalSection(ExtensibilityGlobals) = postSolution
		SolutionGuid = {6CE3E21D-ED1F-47CA-AB26-5031E8456B5C}
	EndGlobalSection
EndGlobal
